// !$*UTF8*$!
{
	archiveVersion = 1;
	classes = {
	};
	objectVersion = 55;
	objects = {

/* Begin PBXBuildFile section */
		8A16F97D280A6CE000BC087D /* Melt.swift in Sources */ = {isa = PBXBuildFile; fileRef = 8A16F97C280A6CE000BC087D /* Melt.swift */; };
		8A16F97F280A6D6500BC087D /* Item.swift in Sources */ = {isa = PBXBuildFile; fileRef = 8A16F97E280A6D6500BC087D /* Item.swift */; };
		8A443EF027F3F6340073690B /* AppDelegate.swift in Sources */ = {isa = PBXBuildFile; fileRef = 8A443EEF27F3F6340073690B /* AppDelegate.swift */; };
		8A443EF227F3F6340073690B /* SceneDelegate.swift in Sources */ = {isa = PBXBuildFile; fileRef = 8A443EF127F3F6340073690B /* SceneDelegate.swift */; };
		8A443EF427F3F6340073690B /* ViewController.swift in Sources */ = {isa = PBXBuildFile; fileRef = 8A443EF327F3F6340073690B /* ViewController.swift */; };
		8A443EF727F3F6340073690B /* Main.storyboard in Resources */ = {isa = PBXBuildFile; fileRef = 8A443EF527F3F6340073690B /* Main.storyboard */; };
		8A443EF927F3F6370073690B /* Assets.xcassets in Resources */ = {isa = PBXBuildFile; fileRef = 8A443EF827F3F6370073690B /* Assets.xcassets */; };
		8A443EFC27F3F6370073690B /* LaunchScreen.storyboard in Resources */ = {isa = PBXBuildFile; fileRef = 8A443EFA27F3F6370073690B /* LaunchScreen.storyboard */; };
		8A443F0727F3F6370073690B /* eggplant_brownieTests.swift in Sources */ = {isa = PBXBuildFile; fileRef = 8A443F0627F3F6370073690B /* eggplant_brownieTests.swift */; };
		8A443F1127F3F6370073690B /* eggplant_brownieUITests.swift in Sources */ = {isa = PBXBuildFile; fileRef = 8A443F1027F3F6370073690B /* eggplant_brownieUITests.swift */; };
		8A443F1327F3F6370073690B /* eggplant_brownieUITestsLaunchTests.swift in Sources */ = {isa = PBXBuildFile; fileRef = 8A443F1227F3F6370073690B /* eggplant_brownieUITestsLaunchTests.swift */; };
/* End PBXBuildFile section */

/* Begin PBXContainerItemProxy section */
		8A443F0327F3F6370073690B /* PBXContainerItemProxy */ = {
			isa = PBXContainerItemProxy;
			containerPortal = 8A443EE427F3F6340073690B /* Project object */;
			proxyType = 1;
			remoteGlobalIDString = 8A443EEB27F3F6340073690B;
			remoteInfo = "eggplant-brownie";
		};
		8A443F0D27F3F6370073690B /* PBXContainerItemProxy */ = {
			isa = PBXContainerItemProxy;
			containerPortal = 8A443EE427F3F6340073690B /* Project object */;
			proxyType = 1;
			remoteGlobalIDString = 8A443EEB27F3F6340073690B;
			remoteInfo = "eggplant-brownie";
		};
/* End PBXContainerItemProxy section */

/* Begin PBXFileReference section */
		8A16F97C280A6CE000BC087D /* Melt.swift */ = {isa = PBXFileReference; lastKnownFileType = sourcecode.swift; path = Melt.swift; sourceTree = "<group>"; };
		8A16F97E280A6D6500BC087D /* Item.swift */ = {isa = PBXFileReference; lastKnownFileType = sourcecode.swift; path = Item.swift; sourceTree = "<group>"; };
		8A443EEC27F3F6340073690B /* eggplant-brownie.app */ = {isa = PBXFileReference; explicitFileType = wrapper.application; includeInIndex = 0; path = "eggplant-brownie.app"; sourceTree = BUILT_PRODUCTS_DIR; };
		8A443EEF27F3F6340073690B /* AppDelegate.swift */ = {isa = PBXFileReference; lastKnownFileType = sourcecode.swift; path = AppDelegate.swift; sourceTree = "<group>"; };
		8A443EF127F3F6340073690B /* SceneDelegate.swift */ = {isa = PBXFileReference; lastKnownFileType = sourcecode.swift; path = SceneDelegate.swift; sourceTree = "<group>"; };
		8A443EF327F3F6340073690B /* ViewController.swift */ = {isa = PBXFileReference; lastKnownFileType = sourcecode.swift; path = ViewController.swift; sourceTree = "<group>"; };
		8A443EF627F3F6340073690B /* Base */ = {isa = PBXFileReference; lastKnownFileType = file.storyboard; name = Base; path = Base.lproj/Main.storyboard; sourceTree = "<group>"; };
		8A443EF827F3F6370073690B /* Assets.xcassets */ = {isa = PBXFileReference; lastKnownFileType = folder.assetcatalog; path = Assets.xcassets; sourceTree = "<group>"; };
		8A443EFB27F3F6370073690B /* Base */ = {isa = PBXFileReference; lastKnownFileType = file.storyboard; name = Base; path = Base.lproj/LaunchScreen.storyboard; sourceTree = "<group>"; };
		8A443EFD27F3F6370073690B /* Info.plist */ = {isa = PBXFileReference; lastKnownFileType = text.plist.xml; path = Info.plist; sourceTree = "<group>"; };
		8A443F0227F3F6370073690B /* eggplant-brownieTests.xctest */ = {isa = PBXFileReference; explicitFileType = wrapper.cfbundle; includeInIndex = 0; path = "eggplant-brownieTests.xctest"; sourceTree = BUILT_PRODUCTS_DIR; };
		8A443F0627F3F6370073690B /* eggplant_brownieTests.swift */ = {isa = PBXFileReference; lastKnownFileType = sourcecode.swift; path = eggplant_brownieTests.swift; sourceTree = "<group>"; };
		8A443F0C27F3F6370073690B /* eggplant-brownieUITests.xctest */ = {isa = PBXFileReference; explicitFileType = wrapper.cfbundle; includeInIndex = 0; path = "eggplant-brownieUITests.xctest"; sourceTree = BUILT_PRODUCTS_DIR; };
		8A443F1027F3F6370073690B /* eggplant_brownieUITests.swift */ = {isa = PBXFileReference; lastKnownFileType = sourcecode.swift; path = eggplant_brownieUITests.swift; sourceTree = "<group>"; };
		8A443F1227F3F6370073690B /* eggplant_brownieUITestsLaunchTests.swift */ = {isa = PBXFileReference; lastKnownFileType = sourcecode.swift; path = eggplant_brownieUITestsLaunchTests.swift; sourceTree = "<group>"; };
/* End PBXFileReference section */

/* Begin PBXFrameworksBuildPhase section */
		8A443EE927F3F6340073690B /* Frameworks */ = {
			isa = PBXFrameworksBuildPhase;
			buildActionMask = 2147483647;
			files = (
			);
			runOnlyForDeploymentPostprocessing = 0;
		};
		8A443EFF27F3F6370073690B /* Frameworks */ = {
			isa = PBXFrameworksBuildPhase;
			buildActionMask = 2147483647;
			files = (
			);
			runOnlyForDeploymentPostprocessing = 0;
		};
		8A443F0927F3F6370073690B /* Frameworks */ = {
			isa = PBXFrameworksBuildPhase;
			buildActionMask = 2147483647;
			files = (
			);
			runOnlyForDeploymentPostprocessing = 0;
		};
/* End PBXFrameworksBuildPhase section */

/* Begin PBXGroup section */
		8A16F980280A6DD600BC087D /* models */ = {
			isa = PBXGroup;
			children = (
				8A16F97C280A6CE000BC087D /* Melt.swift */,
				8A16F97E280A6D6500BC087D /* Item.swift */,
			);
			path = models;
			sourceTree = "<group>";
		};
		8A16F981280A6DFC00BC087D /* controllers */ = {
			isa = PBXGroup;
			children = (
				8A443EF327F3F6340073690B /* ViewController.swift */,
			);
			path = controllers;
			sourceTree = "<group>";
		};
		8A16F982280A6E0A00BC087D /* views */ = {
			isa = PBXGroup;
			children = (
				8A443EF527F3F6340073690B /* Main.storyboard */,
				8A443EFA27F3F6370073690B /* LaunchScreen.storyboard */,
			);
			path = views;
			sourceTree = "<group>";
		};
		8A443EE327F3F6340073690B = {
			isa = PBXGroup;
			children = (
				8A443EEE27F3F6340073690B /* eggplant-brownie */,
				8A443F0527F3F6370073690B /* eggplant-brownieTests */,
				8A443F0F27F3F6370073690B /* eggplant-brownieUITests */,
				8A443EED27F3F6340073690B /* Products */,
			);
			sourceTree = "<group>";
		};
		8A443EED27F3F6340073690B /* Products */ = {
			isa = PBXGroup;
			children = (
				8A443EEC27F3F6340073690B /* eggplant-brownie.app */,
				8A443F0227F3F6370073690B /* eggplant-brownieTests.xctest */,
				8A443F0C27F3F6370073690B /* eggplant-brownieUITests.xctest */,
			);
			name = Products;
			sourceTree = "<group>";
		};
		8A443EEE27F3F6340073690B /* eggplant-brownie */ = {
			isa = PBXGroup;
			children = (
				8A16F982280A6E0A00BC087D /* views */,
				8A16F981280A6DFC00BC087D /* controllers */,
				8A16F980280A6DD600BC087D /* models */,
				8A443EEF27F3F6340073690B /* AppDelegate.swift */,
				8A443EF127F3F6340073690B /* SceneDelegate.swift */,
				8A443EF827F3F6370073690B /* Assets.xcassets */,
				8A443EFD27F3F6370073690B /* Info.plist */,
			);
			path = "eggplant-brownie";
			sourceTree = "<group>";
		};
		8A443F0527F3F6370073690B /* eggplant-brownieTests */ = {
			isa = PBXGroup;
			children = (
				8A443F0627F3F6370073690B /* eggplant_brownieTests.swift */,
			);
			path = "eggplant-brownieTests";
			sourceTree = "<group>";
		};
		8A443F0F27F3F6370073690B /* eggplant-brownieUITests */ = {
			isa = PBXGroup;
			children = (
				8A443F1027F3F6370073690B /* eggplant_brownieUITests.swift */,
				8A443F1227F3F6370073690B /* eggplant_brownieUITestsLaunchTests.swift */,
			);
			path = "eggplant-brownieUITests";
			sourceTree = "<group>";
		};
/* End PBXGroup section */

/* Begin PBXNativeTarget section */
		8A443EEB27F3F6340073690B /* eggplant-brownie */ = {
			isa = PBXNativeTarget;
			buildConfigurationList = 8A443F1627F3F6370073690B /* Build configuration list for PBXNativeTarget "eggplant-brownie" */;
			buildPhases = (
				8A443EE827F3F6340073690B /* Sources */,
				8A443EE927F3F6340073690B /* Frameworks */,
				8A443EEA27F3F6340073690B /* Resources */,
			);
			buildRules = (
			);
			dependencies = (
			);
			name = "eggplant-brownie";
			productName = "eggplant-brownie";
			productReference = 8A443EEC27F3F6340073690B /* eggplant-brownie.app */;
			productType = "com.apple.product-type.application";
		};
		8A443F0127F3F6370073690B /* eggplant-brownieTests */ = {
			isa = PBXNativeTarget;
			buildConfigurationList = 8A443F1927F3F6370073690B /* Build configuration list for PBXNativeTarget "eggplant-brownieTests" */;
			buildPhases = (
				8A443EFE27F3F6370073690B /* Sources */,
				8A443EFF27F3F6370073690B /* Frameworks */,
				8A443F0027F3F6370073690B /* Resources */,
			);
			buildRules = (
			);
			dependencies = (
				8A443F0427F3F6370073690B /* PBXTargetDependency */,
			);
			name = "eggplant-brownieTests";
			productName = "eggplant-brownieTests";
			productReference = 8A443F0227F3F6370073690B /* eggplant-brownieTests.xctest */;
			productType = "com.apple.product-type.bundle.unit-test";
		};
		8A443F0B27F3F6370073690B /* eggplant-brownieUITests */ = {
			isa = PBXNativeTarget;
			buildConfigurationList = 8A443F1C27F3F6370073690B /* Build configuration list for PBXNativeTarget "eggplant-brownieUITests" */;
			buildPhases = (
				8A443F0827F3F6370073690B /* Sources */,
				8A443F0927F3F6370073690B /* Frameworks */,
				8A443F0A27F3F6370073690B /* Resources */,
			);
			buildRules = (
			);
			dependencies = (
				8A443F0E27F3F6370073690B /* PBXTargetDependency */,
			);
			name = "eggplant-brownieUITests";
			productName = "eggplant-brownieUITests";
			productReference = 8A443F0C27F3F6370073690B /* eggplant-brownieUITests.xctest */;
			productType = "com.apple.product-type.bundle.ui-testing";
		};
/* End PBXNativeTarget section */

/* Begin PBXProject section */
		8A443EE427F3F6340073690B /* Project object */ = {
			isa = PBXProject;
			attributes = {
				BuildIndependentTargetsInParallel = 1;
				LastSwiftUpdateCheck = 1330;
				LastUpgradeCheck = 1330;
				TargetAttributes = {
					8A443EEB27F3F6340073690B = {
						CreatedOnToolsVersion = 13.3;
					};
					8A443F0127F3F6370073690B = {
						CreatedOnToolsVersion = 13.3;
						TestTargetID = 8A443EEB27F3F6340073690B;
					};
					8A443F0B27F3F6370073690B = {
						CreatedOnToolsVersion = 13.3;
						TestTargetID = 8A443EEB27F3F6340073690B;
					};
				};
			};
			buildConfigurationList = 8A443EE727F3F6340073690B /* Build configuration list for PBXProject "eggplant-brownie" */;
			compatibilityVersion = "Xcode 13.0";
			developmentRegion = en;
			hasScannedForEncodings = 0;
			knownRegions = (
				en,
				Base,
			);
			mainGroup = 8A443EE327F3F6340073690B;
			productRefGroup = 8A443EED27F3F6340073690B /* Products */;
			projectDirPath = "";
			projectRoot = "";
			targets = (
				8A443EEB27F3F6340073690B /* eggplant-brownie */,
				8A443F0127F3F6370073690B /* eggplant-brownieTests */,
				8A443F0B27F3F6370073690B /* eggplant-brownieUITests */,
			);
		};
/* End PBXProject section */

/* Begin PBXResourcesBuildPhase section */
		8A443EEA27F3F6340073690B /* Resources */ = {
			isa = PBXResourcesBuildPhase;
			buildActionMask = 2147483647;
			files = (
				8A443EFC27F3F6370073690B /* LaunchScreen.storyboard in Resources */,
				8A443EF927F3F6370073690B /* Assets.xcassets in Resources */,
				8A443EF727F3F6340073690B /* Main.storyboard in Resources */,
			);
			runOnlyForDeploymentPostprocessing = 0;
		};
		8A443F0027F3F6370073690B /* Resources */ = {
			isa = PBXResourcesBuildPhase;
			buildActionMask = 2147483647;
			files = (
			);
			runOnlyForDeploymentPostprocessing = 0;
		};
		8A443F0A27F3F6370073690B /* Resources */ = {
			isa = PBXResourcesBuildPhase;
			buildActionMask = 2147483647;
			files = (
			);
			runOnlyForDeploymentPostprocessing = 0;
		};
/* End PBXResourcesBuildPhase section */

/* Begin PBXSourcesBuildPhase section */
		8A443EE827F3F6340073690B /* Sources */ = {
			isa = PBXSourcesBuildPhase;
			buildActionMask = 2147483647;
			files = (
				8A16F97F280A6D6500BC087D /* Item.swift in Sources */,
				8A443EF427F3F6340073690B /* ViewController.swift in Sources */,
				8A443EF027F3F6340073690B /* AppDelegate.swift in Sources */,
				8A443EF227F3F6340073690B /* SceneDelegate.swift in Sources */,
				8A16F97D280A6CE000BC087D /* Melt.swift in Sources */,
			);
			runOnlyForDeploymentPostprocessing = 0;
		};
		8A443EFE27F3F6370073690B /* Sources */ = {
			isa = PBXSourcesBuildPhase;
			buildActionMask = 2147483647;
			files = (
				8A443F0727F3F6370073690B /* eggplant_brownieTests.swift in Sources */,
			);
			runOnlyForDeploymentPostprocessing = 0;
		};
		8A443F0827F3F6370073690B /* Sources */ = {
			isa = PBXSourcesBuildPhase;
			buildActionMask = 2147483647;
			files = (
				8A443F1127F3F6370073690B /* eggplant_brownieUITests.swift in Sources */,
				8A443F1327F3F6370073690B /* eggplant_brownieUITestsLaunchTests.swift in Sources */,
			);
			runOnlyForDeploymentPostprocessing = 0;
		};
/* End PBXSourcesBuildPhase section */

/* Begin PBXTargetDependency section */
		8A443F0427F3F6370073690B /* PBXTargetDependency */ = {
			isa = PBXTargetDependency;
			target = 8A443EEB27F3F6340073690B /* eggplant-brownie */;
			targetProxy = 8A443F0327F3F6370073690B /* PBXContainerItemProxy */;
		};
		8A443F0E27F3F6370073690B /* PBXTargetDependency */ = {
			isa = PBXTargetDependency;
			target = 8A443EEB27F3F6340073690B /* eggplant-brownie */;
			targetProxy = 8A443F0D27F3F6370073690B /* PBXContainerItemProxy */;
		};
/* End PBXTargetDependency section */

/* Begin PBXVariantGroup section */
		8A443EF527F3F6340073690B /* Main.storyboard */ = {
			isa = PBXVariantGroup;
			children = (
				8A443EF627F3F6340073690B /* Base */,
			);
			name = Main.storyboard;
			sourceTree = "<group>";
		};
		8A443EFA27F3F6370073690B /* LaunchScreen.storyboard */ = {
			isa = PBXVariantGroup;
			children = (
				8A443EFB27F3F6370073690B /* Base */,
			);
			name = LaunchScreen.storyboard;
			sourceTree = "<group>";
		};
/* End PBXVariantGroup section */

/* Begin XCBuildConfiguration section */
		8A443F1427F3F6370073690B /* Debug */ = {
			isa = XCBuildConfiguration;
			buildSettings = {
				ALWAYS_SEARCH_USER_PATHS = NO;
				CLANG_ANALYZER_NONNULL = YES;
				CLANG_ANALYZER_NUMBER_OBJECT_CONVERSION = YES_AGGRESSIVE;
				CLANG_CXX_LANGUAGE_STANDARD = "gnu++17";
				CLANG_ENABLE_MODULES = YES;
				CLANG_ENABLE_OBJC_ARC = YES;
				CLANG_ENABLE_OBJC_WEAK = YES;
				CLANG_WARN_BLOCK_CAPTURE_AUTORELEASING = YES;
				CLANG_WARN_BOOL_CONVERSION = YES;
				CLANG_WARN_COMMA = YES;
				CLANG_WARN_CONSTANT_CONVERSION = YES;
				CLANG_WARN_DEPRECATED_OBJC_IMPLEMENTATIONS = YES;
				CLANG_WARN_DIRECT_OBJC_ISA_USAGE = YES_ERROR;
				CLANG_WARN_DOCUMENTATION_COMMENTS = YES;
				CLANG_WARN_EMPTY_BODY = YES;
				CLANG_WARN_ENUM_CONVERSION = YES;
				CLANG_WARN_INFINITE_RECURSION = YES;
				CLANG_WARN_INT_CONVERSION = YES;
				CLANG_WARN_NON_LITERAL_NULL_CONVERSION = YES;
				CLANG_WARN_OBJC_IMPLICIT_RETAIN_SELF = YES;
				CLANG_WARN_OBJC_LITERAL_CONVERSION = YES;
				CLANG_WARN_OBJC_ROOT_CLASS = YES_ERROR;
				CLANG_WARN_QUOTED_INCLUDE_IN_FRAMEWORK_HEADER = YES;
				CLANG_WARN_RANGE_LOOP_ANALYSIS = YES;
				CLANG_WARN_STRICT_PROTOTYPES = YES;
				CLANG_WARN_SUSPICIOUS_MOVE = YES;
				CLANG_WARN_UNGUARDED_AVAILABILITY = YES_AGGRESSIVE;
				CLANG_WARN_UNREACHABLE_CODE = YES;
				CLANG_WARN__DUPLICATE_METHOD_MATCH = YES;
				COPY_PHASE_STRIP = NO;
				DEBUG_INFORMATION_FORMAT = dwarf;
				ENABLE_STRICT_OBJC_MSGSEND = YES;
				ENABLE_TESTABILITY = YES;
				GCC_C_LANGUAGE_STANDARD = gnu11;
				GCC_DYNAMIC_NO_PIC = NO;
				GCC_NO_COMMON_BLOCKS = YES;
				GCC_OPTIMIZATION_LEVEL = 0;
				GCC_PREPROCESSOR_DEFINITIONS = (
					"DEBUG=1",
					"$(inherited)",
				);
				GCC_WARN_64_TO_32_BIT_CONVERSION = YES;
				GCC_WARN_ABOUT_RETURN_TYPE = YES_ERROR;
				GCC_WARN_UNDECLARED_SELECTOR = YES;
				GCC_WARN_UNINITIALIZED_AUTOS = YES_AGGRESSIVE;
				GCC_WARN_UNUSED_FUNCTION = YES;
				GCC_WARN_UNUSED_VARIABLE = YES;
				IPHONEOS_DEPLOYMENT_TARGET = 15.4;
				MTL_ENABLE_DEBUG_INFO = INCLUDE_SOURCE;
				MTL_FAST_MATH = YES;
				ONLY_ACTIVE_ARCH = YES;
				SDKROOT = iphoneos;
				SWIFT_ACTIVE_COMPILATION_CONDITIONS = DEBUG;
				SWIFT_OPTIMIZATION_LEVEL = "-Onone";
			};
			name = Debug;
		};
		8A443F1527F3F6370073690B /* Release */ = {
			isa = XCBuildConfiguration;
			buildSettings = {
				ALWAYS_SEARCH_USER_PATHS = NO;
				CLANG_ANALYZER_NONNULL = YES;
				CLANG_ANALYZER_NUMBER_OBJECT_CONVERSION = YES_AGGRESSIVE;
				CLANG_CXX_LANGUAGE_STANDARD = "gnu++17";
				CLANG_ENABLE_MODULES = YES;
				CLANG_ENABLE_OBJC_ARC = YES;
				CLANG_ENABLE_OBJC_WEAK = YES;
				CLANG_WARN_BLOCK_CAPTURE_AUTORELEASING = YES;
				CLANG_WARN_BOOL_CONVERSION = YES;
				CLANG_WARN_COMMA = YES;
				CLANG_WARN_CONSTANT_CONVERSION = YES;
				CLANG_WARN_DEPRECATED_OBJC_IMPLEMENTATIONS = YES;
				CLANG_WARN_DIRECT_OBJC_ISA_USAGE = YES_ERROR;
				CLANG_WARN_DOCUMENTATION_COMMENTS = YES;
				CLANG_WARN_EMPTY_BODY = YES;
				CLANG_WARN_ENUM_CONVERSION = YES;
				CLANG_WARN_INFINITE_RECURSION = YES;
				CLANG_WARN_INT_CONVERSION = YES;
				CLANG_WARN_NON_LITERAL_NULL_CONVERSION = YES;
				CLANG_WARN_OBJC_IMPLICIT_RETAIN_SELF = YES;
				CLANG_WARN_OBJC_LITERAL_CONVERSION = YES;
				CLANG_WARN_OBJC_ROOT_CLASS = YES_ERROR;
				CLANG_WARN_QUOTED_INCLUDE_IN_FRAMEWORK_HEADER = YES;
				CLANG_WARN_RANGE_LOOP_ANALYSIS = YES;
				CLANG_WARN_STRICT_PROTOTYPES = YES;
				CLANG_WARN_SUSPICIOUS_MOVE = YES;
				CLANG_WARN_UNGUARDED_AVAILABILITY = YES_AGGRESSIVE;
				CLANG_WARN_UNREACHABLE_CODE = YES;
				CLANG_WARN__DUPLICATE_METHOD_MATCH = YES;
				COPY_PHASE_STRIP = NO;
				DEBUG_INFORMATION_FORMAT = "dwarf-with-dsym";
				ENABLE_NS_ASSERTIONS = NO;
				ENABLE_STRICT_OBJC_MSGSEND = YES;
				GCC_C_LANGUAGE_STANDARD = gnu11;
				GCC_NO_COMMON_BLOCKS = YES;
				GCC_WARN_64_TO_32_BIT_CONVERSION = YES;
				GCC_WARN_ABOUT_RETURN_TYPE = YES_ERROR;
				GCC_WARN_UNDECLARED_SELECTOR = YES;
				GCC_WARN_UNINITIALIZED_AUTOS = YES_AGGRESSIVE;
				GCC_WARN_UNUSED_FUNCTION = YES;
				GCC_WARN_UNUSED_VARIABLE = YES;
				IPHONEOS_DEPLOYMENT_TARGET = 15.4;
				MTL_ENABLE_DEBUG_INFO = NO;
				MTL_FAST_MATH = YES;
				SDKROOT = iphoneos;
				SWIFT_COMPILATION_MODE = wholemodule;
				SWIFT_OPTIMIZATION_LEVEL = "-O";
				VALIDATE_PRODUCT = YES;
			};
			name = Release;
		};
		8A443F1727F3F6370073690B /* Debug */ = {
			isa = XCBuildConfiguration;
			buildSettings = {
				ASSETCATALOG_COMPILER_APPICON_NAME = AppIcon;
				ASSETCATALOG_COMPILER_GLOBAL_ACCENT_COLOR_NAME = AccentColor;
				CODE_SIGN_STYLE = Automatic;
				CURRENT_PROJECT_VERSION = 1;
				GENERATE_INFOPLIST_FILE = YES;
				INFOPLIST_FILE = "eggplant-brownie/Info.plist";
				INFOPLIST_KEY_UIApplicationSupportsIndirectInputEvents = YES;
				INFOPLIST_KEY_UILaunchStoryboardName = LaunchScreen;
				INFOPLIST_KEY_UIMainStoryboardFile = Main;
				INFOPLIST_KEY_UISupportedInterfaceOrientations_iPad = "UIInterfaceOrientationPortrait UIInterfaceOrientationPortraitUpsideDown UIInterfaceOrientationLandscapeLeft UIInterfaceOrientationLandscapeRight";
				INFOPLIST_KEY_UISupportedInterfaceOrientations_iPhone = "UIInterfaceOrientationPortrait UIInterfaceOrientationLandscapeLeft UIInterfaceOrientationLandscapeRight";
				LD_RUNPATH_SEARCH_PATHS = (
					"$(inherited)",
					"@executable_path/Frameworks",
				);
				MARKETING_VERSION = 1.0;
				PRODUCT_BUNDLE_IDENTIFIER = "tech.jumpsource.eggplant-brownie";
				PRODUCT_NAME = "$(TARGET_NAME)";
				SWIFT_EMIT_LOC_STRINGS = YES;
				SWIFT_VERSION = 5.0;
				TARGETED_DEVICE_FAMILY = "1,2";
			};
			name = Debug;
		};
		8A443F1827F3F6370073690B /* Release */ = {
			isa = XCBuildConfiguration;
			buildSettings = {
				ASSETCATALOG_COMPILER_APPICON_NAME = AppIcon;
				ASSETCATALOG_COMPILER_GLOBAL_ACCENT_COLOR_NAME = AccentColor;
				CODE_SIGN_STYLE = Automatic;
				CURRENT_PROJECT_VERSION = 1;
				GENERATE_INFOPLIST_FILE = YES;
				INFOPLIST_FILE = "eggplant-brownie/Info.plist";
				INFOPLIST_KEY_UIApplicationSupportsIndirectInputEvents = YES;
				INFOPLIST_KEY_UILaunchStoryboardName = LaunchScreen;
				INFOPLIST_KEY_UIMainStoryboardFile = Main;
				INFOPLIST_KEY_UISupportedInterfaceOrientations_iPad = "UIInterfaceOrientationPortrait UIInterfaceOrientationPortraitUpsideDown UIInterfaceOrientationLandscapeLeft UIInterfaceOrientationLandscapeRight";
				INFOPLIST_KEY_UISupportedInterfaceOrientations_iPhone = "UIInterfaceOrientationPortrait UIInterfaceOrientationLandscapeLeft UIInterfaceOrientationLandscapeRight";
				LD_RUNPATH_SEARCH_PATHS = (
					"$(inherited)",
					"@executable_path/Frameworks",
				);
				MARKETING_VERSION = 1.0;
				PRODUCT_BUNDLE_IDENTIFIER = "tech.jumpsource.eggplant-brownie";
				PRODUCT_NAME = "$(TARGET_NAME)";
				SWIFT_EMIT_LOC_STRINGS = YES;
				SWIFT_VERSION = 5.0;
				TARGETED_DEVICE_FAMILY = "1,2";
			};
			name = Release;
		};
		8A443F1A27F3F6370073690B /* Debug */ = {
			isa = XCBuildConfiguration;
			buildSettings = {
				ALWAYS_EMBED_SWIFT_STANDARD_LIBRARIES = YES;
				BUNDLE_LOADER = "$(TEST_HOST)";
				CODE_SIGN_STYLE = Automatic;
				CURRENT_PROJECT_VERSION = 1;
				GENERATE_INFOPLIST_FILE = YES;
				IPHONEOS_DEPLOYMENT_TARGET = 15.4;
				MARKETING_VERSION = 1.0;
				PRODUCT_BUNDLE_IDENTIFIER = "tech.jumpsource.eggplant-brownieTests";
				PRODUCT_NAME = "$(TARGET_NAME)";
				SWIFT_EMIT_LOC_STRINGS = NO;
				SWIFT_VERSION = 5.0;
				TARGETED_DEVICE_FAMILY = "1,2";
				TEST_HOST = "$(BUILT_PRODUCTS_DIR)/eggplant-brownie.app/eggplant-brownie";
			};
			name = Debug;
		};
		8A443F1B27F3F6370073690B /* Release */ = {
			isa = XCBuildConfiguration;
			buildSettings = {
				ALWAYS_EMBED_SWIFT_STANDARD_LIBRARIES = YES;
				BUNDLE_LOADER = "$(TEST_HOST)";
				CODE_SIGN_STYLE = Automatic;
				CURRENT_PROJECT_VERSION = 1;
				GENERATE_INFOPLIST_FILE = YES;
				IPHONEOS_DEPLOYMENT_TARGET = 15.4;
				MARKETING_VERSION = 1.0;
				PRODUCT_BUNDLE_IDENTIFIER = "tech.jumpsource.eggplant-brownieTests";
				PRODUCT_NAME = "$(TARGET_NAME)";
				SWIFT_EMIT_LOC_STRINGS = NO;
				SWIFT_VERSION = 5.0;
				TARGETED_DEVICE_FAMILY = "1,2";
				TEST_HOST = "$(BUILT_PRODUCTS_DIR)/eggplant-brownie.app/eggplant-brownie";
			};
			name = Release;
		};
		8A443F1D27F3F6370073690B /* Debug */ = {
			isa = XCBuildConfiguration;
			buildSettings = {
				ALWAYS_EMBED_SWIFT_STANDARD_LIBRARIES = YES;
				CODE_SIGN_STYLE = Automatic;
				CURRENT_PROJECT_VERSION = 1;
				GENERATE_INFOPLIST_FILE = YES;
				MARKETING_VERSION = 1.0;
				PRODUCT_BUNDLE_IDENTIFIER = "tech.jumpsource.eggplant-brownieUITests";
				PRODUCT_NAME = "$(TARGET_NAME)";
				SWIFT_EMIT_LOC_STRINGS = NO;
				SWIFT_VERSION = 5.0;
				TARGETED_DEVICE_FAMILY = "1,2";
				TEST_TARGET_NAME = "eggplant-brownie";
			};
			name = Debug;
		};
		8A443F1E27F3F6370073690B /* Release */ = {
			isa = XCBuildConfiguration;
			buildSettings = {
				ALWAYS_EMBED_SWIFT_STANDARD_LIBRARIES = YES;
				CODE_SIGN_STYLE = Automatic;
				CURRENT_PROJECT_VERSION = 1;
				GENERATE_INFOPLIST_FILE = YES;
				MARKETING_VERSION = 1.0;
				PRODUCT_BUNDLE_IDENTIFIER = "tech.jumpsource.eggplant-brownieUITests";
				PRODUCT_NAME = "$(TARGET_NAME)";
				SWIFT_EMIT_LOC_STRINGS = NO;
				SWIFT_VERSION = 5.0;
				TARGETED_DEVICE_FAMILY = "1,2";
				TEST_TARGET_NAME = "eggplant-brownie";
			};
			name = Release;
		};
/* End XCBuildConfiguration section */

/* Begin XCConfigurationList section */
		8A443EE727F3F6340073690B /* Build configuration list for PBXProject "eggplant-brownie" */ = {
			isa = XCConfigurationList;
			buildConfigurations = (
				8A443F1427F3F6370073690B /* Debug */,
				8A443F1527F3F6370073690B /* Release */,
			);
			defaultConfigurationIsVisible = 0;
			defaultConfigurationName = Release;
		};
		8A443F1627F3F6370073690B /* Build configuration list for PBXNativeTarget "eggplant-brownie" */ = {
			isa = XCConfigurationList;
			buildConfigurations = (
				8A443F1727F3F6370073690B /* Debug */,
				8A443F1827F3F6370073690B /* Release */,
			);
			defaultConfigurationIsVisible = 0;
			defaultConfigurationName = Release;
		};
		8A443F1927F3F6370073690B /* Build configuration list for PBXNativeTarget "eggplant-brownieTests" */ = {
			isa = XCConfigurationList;
			buildConfigurations = (
				8A443F1A27F3F6370073690B /* Debug */,
				8A443F1B27F3F6370073690B /* Release */,
			);
			defaultConfigurationIsVisible = 0;
			defaultConfigurationName = Release;
		};
		8A443F1C27F3F6370073690B /* Build configuration list for PBXNativeTarget "eggplant-brownieUITests" */ = {
			isa = XCConfigurationList;
			buildConfigurations = (
				8A443F1D27F3F6370073690B /* Debug */,
				8A443F1E27F3F6370073690B /* Release */,
			);
			defaultConfigurationIsVisible = 0;
			defaultConfigurationName = Release;
		};
/* End XCConfigurationList section */
	};
	rootObject = 8A443EE427F3F6340073690B /* Project object */;
}
